version = 1
revision = 3
requires-python = ">=3.11"

[[package]]
name = "bugmap"
version = "0.1.0"
source = { virtual = "." }
dependencies = [
    { name = "xmltodict" },
]

[package.metadata]
requires-dist = [{ name = "xmltodict", specifier = ">=1.0.2" }]

[[package]]
name = "xmltodict"
version = "1.0.2"
source = { registry = "https://pypi.org/simple" }
sdist = { url = "https://files.pythonhosted.org/packages/6a/aa/917ceeed4dbb80d2f04dbd0c784b7ee7bba8ae5a54837ef0e5e062cd3cfb/xmltodict-1.0.2.tar.gz", hash = "sha256:54306780b7c2175a3967cad1db92f218207e5bc1aba697d887807c0fb68b7649", size = 25725, upload-time = "2025-09-17T21:59:26.459Z" }
wheels = [
    { url = "https://files.pythonhosted.org/packages/c0/20/69a0e6058bc5ea74892d089d64dfc3a62ba78917ec5e2cfa70f7c92ba3a5/xmltodict-1.0.2-py3-none-any.whl", hash = "sha256:62d0fddb0dcbc9f642745d8bbf4d81fd17d6dfaec5a15b5c1876300aad92af0d", size = 13893, upload-time = "2025-09-17T21:59:24.859Z" },
]
